
Microsoft Visual Studio Solution File, Format Version 12.00
# Visual Studio Version 17
VisualStudioVersion = 17.4.32916.344
MinimumVisualStudioVersion = 10.0.40219.1
Project("{9A19103F-16F7-4668-BE54-9A1E7A4F7556}") = "Skadi", "Skadi\Skadi.csproj", "{80809F99-8AA7-4BCE-B410-A5C326B82127}"
EndProject
Project("{9A19103F-16F7-4668-BE54-9A1E7A4F7556}") = "Skadi.Tests", "Skadi.Tests\Skadi.Tests.csproj", "{EC2E1EB0-0E67-4352-8971-70F5366327D6}"
EndProject
Project("{9A19103F-16F7-4668-BE54-9A1E7A4F7556}") = "Skadi.Geometry", "Skadi.Geometry\Skadi.Geometry.csproj", "{D324A43A-4A25-43E2-B3FA-DCFDB347A938}"
EndProject
Project("{FAE04EC0-301F-11D3-BF4B-00C04F79EFBC}") = "Skadi.Primitives", "Skadi.Primitives\Skadi.Primitives.csproj", "{E260AB21-CA6A-45C7-BF87-BCEEC1ECB7DB}"
EndProject
Project("{FAE04EC0-301F-11D3-BF4B-00C04F79EFBC}") = "Skadi.FEM", "Skadi.FEM\Skadi.FEM.csproj", "{5AE4CBD1-9E6D-4C79-8CD1-A9D441F60871}"
EndProject
Global
	GlobalSection(SolutionConfigurationPlatforms) = preSolution
		Debug|Any CPU = Debug|Any CPU
		Release|Any CPU = Release|Any CPU
	EndGlobalSection
	GlobalSection(ProjectConfigurationPlatforms) = postSolution
		{80809F99-8AA7-4BCE-B410-A5C326B82127}.Debug|Any CPU.ActiveCfg = Debug|Any CPU
		{80809F99-8AA7-4BCE-B410-A5C326B82127}.Debug|Any CPU.Build.0 = Debug|Any CPU
		{80809F99-8AA7-4BCE-B410-A5C326B82127}.Release|Any CPU.ActiveCfg = Release|Any CPU
		{80809F99-8AA7-4BCE-B410-A5C326B82127}.Release|Any CPU.Build.0 = Release|Any CPU
		{EC2E1EB0-0E67-4352-8971-70F5366327D6}.Debug|Any CPU.ActiveCfg = Debug|Any CPU
		{EC2E1EB0-0E67-4352-8971-70F5366327D6}.Debug|Any CPU.Build.0 = Debug|Any CPU
		{EC2E1EB0-0E67-4352-8971-70F5366327D6}.Release|Any CPU.ActiveCfg = Release|Any CPU
		{EC2E1EB0-0E67-4352-8971-70F5366327D6}.Release|Any CPU.Build.0 = Release|Any CPU
		{D324A43A-4A25-43E2-B3FA-DCFDB347A938}.Debug|Any CPU.ActiveCfg = Debug|Any CPU
		{D324A43A-4A25-43E2-B3FA-DCFDB347A938}.Debug|Any CPU.Build.0 = Debug|Any CPU
		{D324A43A-4A25-43E2-B3FA-DCFDB347A938}.Release|Any CPU.ActiveCfg = Release|Any CPU
		{D324A43A-4A25-43E2-B3FA-DCFDB347A938}.Release|Any CPU.Build.0 = Release|Any CPU
		{E260AB21-CA6A-45C7-BF87-BCEEC1ECB7DB}.Debug|Any CPU.ActiveCfg = Debug|Any CPU
		{E260AB21-CA6A-45C7-BF87-BCEEC1ECB7DB}.Debug|Any CPU.Build.0 = Debug|Any CPU
		{E260AB21-CA6A-45C7-BF87-BCEEC1ECB7DB}.Release|Any CPU.ActiveCfg = Release|Any CPU
		{E260AB21-CA6A-45C7-BF87-BCEEC1ECB7DB}.Release|Any CPU.Build.0 = Release|Any CPU
		{5AE4CBD1-9E6D-4C79-8CD1-A9D441F60871}.Debug|Any CPU.ActiveCfg = Debug|Any CPU
		{5AE4CBD1-9E6D-4C79-8CD1-A9D441F60871}.Debug|Any CPU.Build.0 = Debug|Any CPU
		{5AE4CBD1-9E6D-4C79-8CD1-A9D441F60871}.Release|Any CPU.ActiveCfg = Release|Any CPU
		{5AE4CBD1-9E6D-4C79-8CD1-A9D441F60871}.Release|Any CPU.Build.0 = Release|Any CPU
	EndGlobalSection
	GlobalSection(SolutionProperties) = preSolution
		HideSolutionNode = FALSE
	EndGlobalSection
	GlobalSection(ExtensibilityGlobals) = postSolution
		SolutionGuid = {E02EA7AC-EA36-4C3A-A7C0-723B0D54A2AA}
	EndGlobalSection
EndGlobal
