
Microsoft Visual Studio Solution File, Format Version 12.00
# Visual Studio Version 17
VisualStudioVersion = 17.4.32916.344
MinimumVisualStudioVersion = 10.0.40219.1
Project("{9A19103F-16F7-4668-BE54-9A1E7A4F7556}") = "Skadi", "Skadi\Skadi.csproj", "{80809F99-8AA7-4BCE-B410-A5C326B82127}"
EndProject
Project("{9A19103F-16F7-4668-BE54-9A1E7A4F7556}") = "Skadi.Tests", "Skadi.Tests\Skadi.Tests.csproj", "{EC2E1EB0-0E67-4352-8971-70F5366327D6}"
EndProject
Project("{FAE04EC0-301F-11D3-BF4B-00C04F79EFBC}") = "SkadiBenchmarks", "SkadiBenchmarks\SkadiBenchmarks.csproj", "{381FD982-77FC-470A-B02F-6B8194C797E0}"
EndProject
Project("{FAE04EC0-301F-11D3-BF4B-00C04F79EFBC}") = "Skadi.Integration", "Skadi.Integration\Skadi.Integration.csproj", "{E1152F85-3223-43C2-AC54-8EFC35A93F0B}"
EndProject
Global
	GlobalSection(SolutionConfigurationPlatforms) = preSolution
		Debug|Any CPU = Debug|Any CPU
		Release|Any CPU = Release|Any CPU
	EndGlobalSection
	GlobalSection(ProjectConfigurationPlatforms) = postSolution
		{80809F99-8AA7-4BCE-B410-A5C326B82127}.Debug|Any CPU.ActiveCfg = Debug|Any CPU
		{80809F99-8AA7-4BCE-B410-A5C326B82127}.Debug|Any CPU.Build.0 = Debug|Any CPU
		{80809F99-8AA7-4BCE-B410-A5C326B82127}.Release|Any CPU.ActiveCfg = Release|Any CPU
		{80809F99-8AA7-4BCE-B410-A5C326B82127}.Release|Any CPU.Build.0 = Release|Any CPU
		{EC2E1EB0-0E67-4352-8971-70F5366327D6}.Debug|Any CPU.ActiveCfg = Debug|Any CPU
		{EC2E1EB0-0E67-4352-8971-70F5366327D6}.Debug|Any CPU.Build.0 = Debug|Any CPU
		{EC2E1EB0-0E67-4352-8971-70F5366327D6}.Release|Any CPU.ActiveCfg = Release|Any CPU
		{EC2E1EB0-0E67-4352-8971-70F5366327D6}.Release|Any CPU.Build.0 = Release|Any CPU
		{381FD982-77FC-470A-B02F-6B8194C797E0}.Debug|Any CPU.ActiveCfg = Debug|Any CPU
		{381FD982-77FC-470A-B02F-6B8194C797E0}.Debug|Any CPU.Build.0 = Debug|Any CPU
		{381FD982-77FC-470A-B02F-6B8194C797E0}.Release|Any CPU.ActiveCfg = Release|Any CPU
		{381FD982-77FC-470A-B02F-6B8194C797E0}.Release|Any CPU.Build.0 = Release|Any CPU
		{E1152F85-3223-43C2-AC54-8EFC35A93F0B}.Debug|Any CPU.ActiveCfg = Debug|Any CPU
		{E1152F85-3223-43C2-AC54-8EFC35A93F0B}.Debug|Any CPU.Build.0 = Debug|Any CPU
		{E1152F85-3223-43C2-AC54-8EFC35A93F0B}.Release|Any CPU.ActiveCfg = Release|Any CPU
		{E1152F85-3223-43C2-AC54-8EFC35A93F0B}.Release|Any CPU.Build.0 = Release|Any CPU
	EndGlobalSection
	GlobalSection(SolutionProperties) = preSolution
		HideSolutionNode = FALSE
	EndGlobalSection
	GlobalSection(ExtensibilityGlobals) = postSolution
		SolutionGuid = {E02EA7AC-EA36-4C3A-A7C0-723B0D54A2AA}
	EndGlobalSection
EndGlobal
